{
  "version": 4,
  "terraform_version": "0.12.26",
  "serial": 5,
  "lineage": "178f06f0-7d53-5f65-e843-0fa977b02e80",
  "outputs": {},
  "resources": [
    {
      "mode": "managed",
      "type": "aws_vpc",
      "name": "main",
      "provider": "provider.aws",
      "instances": [
        {
          "schema_version": 1,
          "attributes": {
            "arn": "arn:aws:ec2:us-east-1:519038273189:vpc/vpc-0dd3ec1dd07512354",
            "assign_generated_ipv6_cidr_block": false,
            "cidr_block": "10.0.0.0/16",
            "default_network_acl_id": "acl-0026b537f92895690",
            "default_route_table_id": "rtb-076a084c822746dab",
            "default_security_group_id": "sg-03f7400553c513580",
            "dhcp_options_id": "dopt-33fa2649",
            "enable_classiclink": false,
            "enable_classiclink_dns_support": false,
            "enable_dns_hostnames": true,
            "enable_dns_support": true,
            "id": "vpc-0dd3ec1dd07512354",
            "instance_tenancy": "default",
            "ipv6_association_id": "",
            "ipv6_cidr_block": "",
            "main_route_table_id": "rtb-076a084c822746dab",
            "owner_id": "519038273189",
            "tags": {
              "Email": "ssvkart5@gmail.com",
              "Env": "Dev",
              "Name": "ssvkart-vpc"
            }
          },
          "private": "eyJzY2hlbWFfdmVyc2lvbiI6IjEifQ=="
        }
      ]
    }
  ]
}
